
Microsoft Visual Studio Solution File, Format Version 12.00
# Visual Studio Version 17
VisualStudioVersion = 17.9.34616.47
MinimumVisualStudioVersion = 10.0.40219.1
Project("{FAE04EC0-301F-11D3-BF4B-00C04F79EFBC}") = "DQB1ProcessEditor", "DQB1ProcessEditor\DQB1ProcessEditor.csproj", "{115A91A8-1675-4A77-89FA-D26079B965DC}"
EndProject
Global
	GlobalSection(SolutionConfigurationPlatforms) = preSolution
		Debug|Any CPU = Debug|Any CPU
		Release|Any CPU = Release|Any CPU
	EndGlobalSection
	GlobalSection(ProjectConfigurationPlatforms) = postSolution
		{115A91A8-1675-4A77-89FA-D26079B965DC}.Debug|Any CPU.ActiveCfg = Debug|Any CPU
		{115A91A8-1675-4A77-89FA-D26079B965DC}.Debug|Any CPU.Build.0 = Debug|Any CPU
		{115A91A8-1675-4A77-89FA-D26079B965DC}.Release|Any CPU.ActiveCfg = Release|Any CPU
		{115A91A8-1675-4A77-89FA-D26079B965DC}.Release|Any CPU.Build.0 = Release|Any CPU
	EndGlobalSection
	GlobalSection(SolutionProperties) = preSolution
		HideSolutionNode = FALSE
	EndGlobalSection
	GlobalSection(ExtensibilityGlobals) = postSolution
		SolutionGuid = {4385CE15-37D4-4C57-AC2A-63ED4DE4F9F8}
	EndGlobalSection
EndGlobal
